
Microsoft Visual Studio Solution File, Format Version 12.00
Project("{FAE04EC0-301F-11D3-BF4B-00C04F79EFBC}") = "SimpleECS", "SimpleECS\SimpleECS.csproj", "{8CBECCF5-A8C3-46BE-8CF3-5AD9E8D93FAF}"
EndProject
Project("{FAE04EC0-301F-11D3-BF4B-00C04F79EFBC}") = "UnitTests", "UnitTests\UnitTests.csproj", "{428ABE82-9ADC-4E5A-A2FC-88B27BBEEE12}"
EndProject
Project("{FAE04EC0-301F-11D3-BF4B-00C04F79EFBC}") = "PerformanceTests", "PerformanceTests\PerformanceTests.csproj", "{1B833262-2F80-4FD1-99D1-DDA407DF3F78}"
EndProject
Project("{FAE04EC0-301F-11D3-BF4B-00C04F79EFBC}") = "StressTest", "StressTest\StressTest.csproj", "{9919CBC8-87A4-427B-9634-3813281A841D}"
EndProject
Global
	GlobalSection(SolutionConfigurationPlatforms) = preSolution
		Debug|Any CPU = Debug|Any CPU
		Release|Any CPU = Release|Any CPU
	EndGlobalSection
	GlobalSection(ProjectConfigurationPlatforms) = postSolution
		{8CBECCF5-A8C3-46BE-8CF3-5AD9E8D93FAF}.Debug|Any CPU.ActiveCfg = Debug|Any CPU
		{8CBECCF5-A8C3-46BE-8CF3-5AD9E8D93FAF}.Debug|Any CPU.Build.0 = Debug|Any CPU
		{8CBECCF5-A8C3-46BE-8CF3-5AD9E8D93FAF}.Release|Any CPU.ActiveCfg = Release|Any CPU
		{8CBECCF5-A8C3-46BE-8CF3-5AD9E8D93FAF}.Release|Any CPU.Build.0 = Release|Any CPU
		{428ABE82-9ADC-4E5A-A2FC-88B27BBEEE12}.Debug|Any CPU.ActiveCfg = Debug|Any CPU
		{428ABE82-9ADC-4E5A-A2FC-88B27BBEEE12}.Debug|Any CPU.Build.0 = Debug|Any CPU
		{428ABE82-9ADC-4E5A-A2FC-88B27BBEEE12}.Release|Any CPU.ActiveCfg = Release|Any CPU
		{428ABE82-9ADC-4E5A-A2FC-88B27BBEEE12}.Release|Any CPU.Build.0 = Release|Any CPU
		{1B833262-2F80-4FD1-99D1-DDA407DF3F78}.Debug|Any CPU.ActiveCfg = Debug|Any CPU
		{1B833262-2F80-4FD1-99D1-DDA407DF3F78}.Debug|Any CPU.Build.0 = Debug|Any CPU
		{1B833262-2F80-4FD1-99D1-DDA407DF3F78}.Release|Any CPU.ActiveCfg = Release|Any CPU
		{1B833262-2F80-4FD1-99D1-DDA407DF3F78}.Release|Any CPU.Build.0 = Release|Any CPU
		{9919CBC8-87A4-427B-9634-3813281A841D}.Debug|Any CPU.ActiveCfg = Debug|Any CPU
		{9919CBC8-87A4-427B-9634-3813281A841D}.Debug|Any CPU.Build.0 = Debug|Any CPU
		{9919CBC8-87A4-427B-9634-3813281A841D}.Release|Any CPU.ActiveCfg = Release|Any CPU
		{9919CBC8-87A4-427B-9634-3813281A841D}.Release|Any CPU.Build.0 = Release|Any CPU
	EndGlobalSection
	GlobalSection(NestedProjects) = preSolution
	EndGlobalSection
EndGlobal
